
Microsoft Visual Studio Solution File, Format Version 12.00
# Visual Studio Version 17
VisualStudioVersion = 17.0.31903.59
MinimumVisualStudioVersion = 10.0.40219.1
Project("{2150E333-8FDC-42A3-9474-1A3956D46DE8}") = "src", "src", "{9BF91DA6-B66E-4F02-9D77-44A79E1AF03F}"
EndProject
Project("{FAE04EC0-301F-11D3-BF4B-00C04F79EFBC}") = "Examples.Features.CS40.Tests", "src\Examples.Features.CS40.Tests\Examples.Features.CS40.Tests.csproj", "{AF3B6E4E-C809-48F9-912F-BD5CE27F009A}"
EndProject
Project("{FAE04EC0-301F-11D3-BF4B-00C04F79EFBC}") = "Examples.Features.CS50.Tests", "src\Examples.Features.CS50.Tests\Examples.Features.CS50.Tests.csproj", "{FC813FED-4B32-426A-80E4-D3B649CBE0CA}"
EndProject
Project("{FAE04EC0-301F-11D3-BF4B-00C04F79EFBC}") = "Examples.Features.CS60.Tests", "src\Examples.Features.CS60.Tests\Examples.Features.CS60.Tests.csproj", "{96B08F38-7979-4789-9A62-B87FEF314649}"
EndProject
Project("{FAE04EC0-301F-11D3-BF4B-00C04F79EFBC}") = "Examples.Features.CS70.Tests", "src\Examples.Features.CS70.Tests\Examples.Features.CS70.Tests.csproj", "{22B8AF0D-3276-4371-92B4-7751BB91DAAA}"
EndProject
Project("{FAE04EC0-301F-11D3-BF4B-00C04F79EFBC}") = "Examples.Features.CS71.Tests", "src\Examples.Features.CS71.Tests\Examples.Features.CS71.Tests.csproj", "{B6ADDECF-C16D-4E83-B626-D80B22EACD78}"
EndProject
Project("{FAE04EC0-301F-11D3-BF4B-00C04F79EFBC}") = "Examples.Features.CS72.Tests", "src\Examples.Features.CS72.Tests\Examples.Features.CS72.Tests.csproj", "{F1016C0C-D265-4F63-B6AE-AB806BFE871B}"
EndProject
Project("{FAE04EC0-301F-11D3-BF4B-00C04F79EFBC}") = "Examples.Features.CS73.Tests", "src\Examples.Features.CS73.Tests\Examples.Features.CS73.Tests.csproj", "{EF9019CA-0D60-4872-BCF3-F8386586D5D6}"
EndProject
Project("{FAE04EC0-301F-11D3-BF4B-00C04F79EFBC}") = "Examples.Features.CS80.Tests", "src\Examples.Features.CS80.Tests\Examples.Features.CS80.Tests.csproj", "{EAF35CAC-9A29-485D-B408-FBD9B2A23ED0}"
EndProject
Project("{FAE04EC0-301F-11D3-BF4B-00C04F79EFBC}") = "Examples.Features.CS90.Tests", "src\Examples.Features.CS90.Tests\Examples.Features.CS90.Tests.csproj", "{B1459694-216E-46F3-99EA-15E3C36193E4}"
EndProject
Project("{FAE04EC0-301F-11D3-BF4B-00C04F79EFBC}") = "Examples.Features.CS100.Tests", "src\Examples.Features.CS100.Tests\Examples.Features.CS100.Tests.csproj", "{ACB35A3E-53A8-413E-8480-5D895DC580E3}"
EndProject
Global
	GlobalSection(SolutionConfigurationPlatforms) = preSolution
		Debug|Any CPU = Debug|Any CPU
		Release|Any CPU = Release|Any CPU
	EndGlobalSection
	GlobalSection(SolutionProperties) = preSolution
		HideSolutionNode = FALSE
	EndGlobalSection
	GlobalSection(ProjectConfigurationPlatforms) = postSolution
		{AF3B6E4E-C809-48F9-912F-BD5CE27F009A}.Debug|Any CPU.ActiveCfg = Debug|Any CPU
		{AF3B6E4E-C809-48F9-912F-BD5CE27F009A}.Debug|Any CPU.Build.0 = Debug|Any CPU
		{AF3B6E4E-C809-48F9-912F-BD5CE27F009A}.Release|Any CPU.ActiveCfg = Release|Any CPU
		{AF3B6E4E-C809-48F9-912F-BD5CE27F009A}.Release|Any CPU.Build.0 = Release|Any CPU
		{FC813FED-4B32-426A-80E4-D3B649CBE0CA}.Debug|Any CPU.ActiveCfg = Debug|Any CPU
		{FC813FED-4B32-426A-80E4-D3B649CBE0CA}.Debug|Any CPU.Build.0 = Debug|Any CPU
		{FC813FED-4B32-426A-80E4-D3B649CBE0CA}.Release|Any CPU.ActiveCfg = Release|Any CPU
		{FC813FED-4B32-426A-80E4-D3B649CBE0CA}.Release|Any CPU.Build.0 = Release|Any CPU
		{96B08F38-7979-4789-9A62-B87FEF314649}.Debug|Any CPU.ActiveCfg = Debug|Any CPU
		{96B08F38-7979-4789-9A62-B87FEF314649}.Debug|Any CPU.Build.0 = Debug|Any CPU
		{96B08F38-7979-4789-9A62-B87FEF314649}.Release|Any CPU.ActiveCfg = Release|Any CPU
		{96B08F38-7979-4789-9A62-B87FEF314649}.Release|Any CPU.Build.0 = Release|Any CPU
		{22B8AF0D-3276-4371-92B4-7751BB91DAAA}.Debug|Any CPU.ActiveCfg = Debug|Any CPU
		{22B8AF0D-3276-4371-92B4-7751BB91DAAA}.Debug|Any CPU.Build.0 = Debug|Any CPU
		{22B8AF0D-3276-4371-92B4-7751BB91DAAA}.Release|Any CPU.ActiveCfg = Release|Any CPU
		{22B8AF0D-3276-4371-92B4-7751BB91DAAA}.Release|Any CPU.Build.0 = Release|Any CPU
		{B6ADDECF-C16D-4E83-B626-D80B22EACD78}.Debug|Any CPU.ActiveCfg = Debug|Any CPU
		{B6ADDECF-C16D-4E83-B626-D80B22EACD78}.Debug|Any CPU.Build.0 = Debug|Any CPU
		{B6ADDECF-C16D-4E83-B626-D80B22EACD78}.Release|Any CPU.ActiveCfg = Release|Any CPU
		{B6ADDECF-C16D-4E83-B626-D80B22EACD78}.Release|Any CPU.Build.0 = Release|Any CPU
		{F1016C0C-D265-4F63-B6AE-AB806BFE871B}.Debug|Any CPU.ActiveCfg = Debug|Any CPU
		{F1016C0C-D265-4F63-B6AE-AB806BFE871B}.Debug|Any CPU.Build.0 = Debug|Any CPU
		{F1016C0C-D265-4F63-B6AE-AB806BFE871B}.Release|Any CPU.ActiveCfg = Release|Any CPU
		{F1016C0C-D265-4F63-B6AE-AB806BFE871B}.Release|Any CPU.Build.0 = Release|Any CPU
		{EF9019CA-0D60-4872-BCF3-F8386586D5D6}.Debug|Any CPU.ActiveCfg = Debug|Any CPU
		{EF9019CA-0D60-4872-BCF3-F8386586D5D6}.Debug|Any CPU.Build.0 = Debug|Any CPU
		{EF9019CA-0D60-4872-BCF3-F8386586D5D6}.Release|Any CPU.ActiveCfg = Release|Any CPU
		{EF9019CA-0D60-4872-BCF3-F8386586D5D6}.Release|Any CPU.Build.0 = Release|Any CPU
		{EAF35CAC-9A29-485D-B408-FBD9B2A23ED0}.Debug|Any CPU.ActiveCfg = Debug|Any CPU
		{EAF35CAC-9A29-485D-B408-FBD9B2A23ED0}.Debug|Any CPU.Build.0 = Debug|Any CPU
		{EAF35CAC-9A29-485D-B408-FBD9B2A23ED0}.Release|Any CPU.ActiveCfg = Release|Any CPU
		{EAF35CAC-9A29-485D-B408-FBD9B2A23ED0}.Release|Any CPU.Build.0 = Release|Any CPU
		{B1459694-216E-46F3-99EA-15E3C36193E4}.Debug|Any CPU.ActiveCfg = Debug|Any CPU
		{B1459694-216E-46F3-99EA-15E3C36193E4}.Debug|Any CPU.Build.0 = Debug|Any CPU
		{B1459694-216E-46F3-99EA-15E3C36193E4}.Release|Any CPU.ActiveCfg = Release|Any CPU
		{B1459694-216E-46F3-99EA-15E3C36193E4}.Release|Any CPU.Build.0 = Release|Any CPU
		{ACB35A3E-53A8-413E-8480-5D895DC580E3}.Debug|Any CPU.ActiveCfg = Debug|Any CPU
		{ACB35A3E-53A8-413E-8480-5D895DC580E3}.Debug|Any CPU.Build.0 = Debug|Any CPU
		{ACB35A3E-53A8-413E-8480-5D895DC580E3}.Release|Any CPU.ActiveCfg = Release|Any CPU
		{ACB35A3E-53A8-413E-8480-5D895DC580E3}.Release|Any CPU.Build.0 = Release|Any CPU
	EndGlobalSection
	GlobalSection(NestedProjects) = preSolution
		{AF3B6E4E-C809-48F9-912F-BD5CE27F009A} = {9BF91DA6-B66E-4F02-9D77-44A79E1AF03F}
		{FC813FED-4B32-426A-80E4-D3B649CBE0CA} = {9BF91DA6-B66E-4F02-9D77-44A79E1AF03F}
		{96B08F38-7979-4789-9A62-B87FEF314649} = {9BF91DA6-B66E-4F02-9D77-44A79E1AF03F}
		{22B8AF0D-3276-4371-92B4-7751BB91DAAA} = {9BF91DA6-B66E-4F02-9D77-44A79E1AF03F}
		{B6ADDECF-C16D-4E83-B626-D80B22EACD78} = {9BF91DA6-B66E-4F02-9D77-44A79E1AF03F}
		{F1016C0C-D265-4F63-B6AE-AB806BFE871B} = {9BF91DA6-B66E-4F02-9D77-44A79E1AF03F}
		{EF9019CA-0D60-4872-BCF3-F8386586D5D6} = {9BF91DA6-B66E-4F02-9D77-44A79E1AF03F}
		{EAF35CAC-9A29-485D-B408-FBD9B2A23ED0} = {9BF91DA6-B66E-4F02-9D77-44A79E1AF03F}
		{B1459694-216E-46F3-99EA-15E3C36193E4} = {9BF91DA6-B66E-4F02-9D77-44A79E1AF03F}
		{ACB35A3E-53A8-413E-8480-5D895DC580E3} = {9BF91DA6-B66E-4F02-9D77-44A79E1AF03F}
	EndGlobalSection
EndGlobal
