<Solution>
  <Folder Name="/src/">
    <Project Path="src/Examples.Features.CSharp40.Tests/Examples.Features.CSharp40.Tests.csproj" />
    <Project Path="src/Examples.Features.CSharp50.Tests/Examples.Features.CSharp50.Tests.csproj" />
    <Project Path="src/Examples.Features.CSharp60.Tests/Examples.Features.CSharp60.Tests.csproj" />
  </Folder>
</Solution>
